
Microsoft Visual Studio Solution File, Format Version 12.00
# Visual Studio Version 17
VisualStudioVersion = 17.11.35327.3
MinimumVisualStudioVersion = 10.0.40219.1
Project("{FAE04EC0-301F-11D3-BF4B-00C04F79EFBC}") = "BumbleBeeFoundation_API", "BumbleBeeFoundation_API.csproj", "{13315771-CD1B-44F5-B02E-43D3A2071653}"
EndProject
Global
	GlobalSection(SolutionConfigurationPlatforms) = preSolution
		Debug|Any CPU = Debug|Any CPU
		Release|Any CPU = Release|Any CPU
	EndGlobalSection
	GlobalSection(ProjectConfigurationPlatforms) = postSolution
		{13315771-CD1B-44F5-B02E-43D3A2071653}.Debug|Any CPU.ActiveCfg = Debug|Any CPU
		{13315771-CD1B-44F5-B02E-43D3A2071653}.Debug|Any CPU.Build.0 = Debug|Any CPU
		{13315771-CD1B-44F5-B02E-43D3A2071653}.Release|Any CPU.ActiveCfg = Release|Any CPU
		{13315771-CD1B-44F5-B02E-43D3A2071653}.Release|Any CPU.Build.0 = Release|Any CPU
	EndGlobalSection
	GlobalSection(SolutionProperties) = preSolution
		HideSolutionNode = FALSE
	EndGlobalSection
	GlobalSection(ExtensibilityGlobals) = postSolution
		SolutionGuid = {D0FC4523-845F-48B0-AC26-3D472E94B2CD}
	EndGlobalSection
EndGlobal
